
Microsoft Visual Studio Solution File, Format Version 11.00
# Visual Studio 2010
# SharpDevelop 5.1
Project("{FAE04EC0-301F-11D3-BF4B-00C04F79EFBC}") = "StringMath", "StringMath\StringMath.csproj", "{A999EFC9-63D6-4E40-B226-1FF4C0096363}"
EndProject
Global
	GlobalSection(SolutionConfigurationPlatforms) = preSolution
		Debug|Any CPU = Debug|Any CPU
		Release|Any CPU = Release|Any CPU
	EndGlobalSection
	GlobalSection(ProjectConfigurationPlatforms) = postSolution
		{A999EFC9-63D6-4E40-B226-1FF4C0096363}.Debug|Any CPU.ActiveCfg = Debug|Any CPU
		{A999EFC9-63D6-4E40-B226-1FF4C0096363}.Debug|Any CPU.Build.0 = Debug|Any CPU
		{A999EFC9-63D6-4E40-B226-1FF4C0096363}.Release|Any CPU.ActiveCfg = Release|Any CPU
		{A999EFC9-63D6-4E40-B226-1FF4C0096363}.Release|Any CPU.Build.0 = Release|Any CPU
	EndGlobalSection
EndGlobal
